
Microsoft Visual Studio Solution File, Format Version 12.00
# Visual Studio Version 17
VisualStudioVersion = 17.5.33424.131
MinimumVisualStudioVersion = 10.0.40219.1
Project("{FAE04EC0-301F-11D3-BF4B-00C04F79EFBC}") = "xk7", "xk7.csproj", "{80BA6D49-90C0-47D1-8E4E-2257B69FA748}"
EndProject
Global
	GlobalSection(SolutionConfigurationPlatforms) = preSolution
		Debug|Any CPU = Debug|Any CPU
		Release|Any CPU = Release|Any CPU
	EndGlobalSection
	GlobalSection(ProjectConfigurationPlatforms) = postSolution
		{80BA6D49-90C0-47D1-8E4E-2257B69FA748}.Debug|Any CPU.ActiveCfg = Debug|Any CPU
		{80BA6D49-90C0-47D1-8E4E-2257B69FA748}.Debug|Any CPU.Build.0 = Debug|Any CPU
		{80BA6D49-90C0-47D1-8E4E-2257B69FA748}.Release|Any CPU.ActiveCfg = Release|Any CPU
		{80BA6D49-90C0-47D1-8E4E-2257B69FA748}.Release|Any CPU.Build.0 = Release|Any CPU
	EndGlobalSection
	GlobalSection(SolutionProperties) = preSolution
		HideSolutionNode = FALSE
	EndGlobalSection
	GlobalSection(ExtensibilityGlobals) = postSolution
		SolutionGuid = {88C4BFA9-A91D-4E8E-BB7C-F3A3B3BCA245}
	EndGlobalSection
EndGlobal
